
Microsoft Visual Studio Solution File, Format Version 12.00
# Visual Studio 15
VisualStudioVersion = 15.0.26430.6
MinimumVisualStudioVersion = 10.0.40219.1
Project("{FAE04EC0-301F-11D3-BF4B-00C04F79EFBC}") = "MVVMLearning.Android", "MVVMLearning\MVVMLearning.Android\MVVMLearning.Android.csproj", "{03AA4217-DBB2-40EE-AED3-87A18E315CF6}"
EndProject
Project("{FAE04EC0-301F-11D3-BF4B-00C04F79EFBC}") = "MVVMLearning", "MVVMLearning\MVVMLearning\MVVMLearning.csproj", "{82EF073D-8262-4F23-96B6-9793F927EE59}"
EndProject
Project("{FAE04EC0-301F-11D3-BF4B-00C04F79EFBC}") = "MVVMLearning.UWP", "MVVMLearning\MVVMLearning.UWP\MVVMLearning.UWP.csproj", "{24A14C04-E12A-477B-A10D-1FD5873131D3}"
EndProject
Project("{FAE04EC0-301F-11D3-BF4B-00C04F79EFBC}") = "MVVMLearning.iOS", "MVVMLearning\MVVMLearning.iOS\MVVMLearning.iOS.csproj", "{CE8C9EB7-C003-459C-9C5A-EB74FCD475AF}"
EndProject
Global
	GlobalSection(SolutionConfigurationPlatforms) = preSolution
		Ad-Hoc|Any CPU = Ad-Hoc|Any CPU
		Ad-Hoc|ARM = Ad-Hoc|ARM
		Ad-Hoc|iPhone = Ad-Hoc|iPhone
		Ad-Hoc|iPhoneSimulator = Ad-Hoc|iPhoneSimulator
		Ad-Hoc|x64 = Ad-Hoc|x64
		Ad-Hoc|x86 = Ad-Hoc|x86
		AppStore|Any CPU = AppStore|Any CPU
		AppStore|ARM = AppStore|ARM
		AppStore|iPhone = AppStore|iPhone
		AppStore|iPhoneSimulator = AppStore|iPhoneSimulator
		AppStore|x64 = AppStore|x64
		AppStore|x86 = AppStore|x86
		Debug|Any CPU = Debug|Any CPU
		Debug|ARM = Debug|ARM
		Debug|iPhone = Debug|iPhone
		Debug|iPhoneSimulator = Debug|iPhoneSimulator
		Debug|x64 = Debug|x64
		Debug|x86 = Debug|x86
		Release|Any CPU = Release|Any CPU
		Release|ARM = Release|ARM
		Release|iPhone = Release|iPhone
		Release|iPhoneSimulator = Release|iPhoneSimulator
		Release|x64 = Release|x64
		Release|x86 = Release|x86
	EndGlobalSection
	GlobalSection(ProjectConfigurationPlatforms) = postSolution
		{03AA4217-DBB2-40EE-AED3-87A18E315CF6}.Ad-Hoc|Any CPU.ActiveCfg = Release|Any CPU
		{03AA4217-DBB2-40EE-AED3-87A18E315CF6}.Ad-Hoc|Any CPU.Build.0 = Release|Any CPU
		{03AA4217-DBB2-40EE-AED3-87A18E315CF6}.Ad-Hoc|Any CPU.Deploy.0 = Release|Any CPU
		{03AA4217-DBB2-40EE-AED3-87A18E315CF6}.Ad-Hoc|ARM.ActiveCfg = Release|Any CPU
		{03AA4217-DBB2-40EE-AED3-87A18E315CF6}.Ad-Hoc|ARM.Build.0 = Release|Any CPU
		{03AA4217-DBB2-40EE-AED3-87A18E315CF6}.Ad-Hoc|ARM.Deploy.0 = Release|Any CPU
		{03AA4217-DBB2-40EE-AED3-87A18E315CF6}.Ad-Hoc|iPhone.ActiveCfg = Release|Any CPU
		{03AA4217-DBB2-40EE-AED3-87A18E315CF6}.Ad-Hoc|iPhone.Build.0 = Release|Any CPU
		{03AA4217-DBB2-40EE-AED3-87A18E315CF6}.Ad-Hoc|iPhone.Deploy.0 = Release|Any CPU
		{03AA4217-DBB2-40EE-AED3-87A18E315CF6}.Ad-Hoc|iPhoneSimulator.ActiveCfg = Release|Any CPU
		{03AA4217-DBB2-40EE-AED3-87A18E315CF6}.Ad-Hoc|iPhoneSimulator.Build.0 = Release|Any CPU
		{03AA4217-DBB2-40EE-AED3-87A18E315CF6}.Ad-Hoc|iPhoneSimulator.Deploy.0 = Release|Any CPU
		{03AA4217-DBB2-40EE-AED3-87A18E315CF6}.Ad-Hoc|x64.ActiveCfg = Release|Any CPU
		{03AA4217-DBB2-40EE-AED3-87A18E315CF6}.Ad-Hoc|x64.Build.0 = Release|Any CPU
		{03AA4217-DBB2-40EE-AED3-87A18E315CF6}.Ad-Hoc|x64.Deploy.0 = Release|Any CPU
		{03AA4217-DBB2-40EE-AED3-87A18E315CF6}.Ad-Hoc|x86.ActiveCfg = Release|Any CPU
		{03AA4217-DBB2-40EE-AED3-87A18E315CF6}.Ad-Hoc|x86.Build.0 = Release|Any CPU
		{03AA4217-DBB2-40EE-AED3-87A18E315CF6}.Ad-Hoc|x86.Deploy.0 = Release|Any CPU
		{03AA4217-DBB2-40EE-AED3-87A18E315CF6}.AppStore|Any CPU.ActiveCfg = Release|Any CPU
		{03AA4217-DBB2-40EE-AED3-87A18E315CF6}.AppStore|Any CPU.Build.0 = Release|Any CPU
		{03AA4217-DBB2-40EE-AED3-87A18E315CF6}.AppStore|Any CPU.Deploy.0 = Release|Any CPU
		{03AA4217-DBB2-40EE-AED3-87A18E315CF6}.AppStore|ARM.ActiveCfg = Release|Any CPU
		{03AA4217-DBB2-40EE-AED3-87A18E315CF6}.AppStore|ARM.Build.0 = Release|Any CPU
		{03AA4217-DBB2-40EE-AED3-87A18E315CF6}.AppStore|ARM.Deploy.0 = Release|Any CPU
		{03AA4217-DBB2-40EE-AED3-87A18E315CF6}.AppStore|iPhone.ActiveCfg = Release|Any CPU
		{03AA4217-DBB2-40EE-AED3-87A18E315CF6}.AppStore|iPhone.Build.0 = Release|Any CPU
		{03AA4217-DBB2-40EE-AED3-87A18E315CF6}.AppStore|iPhone.Deploy.0 = Release|Any CPU
		{03AA4217-DBB2-40EE-AED3-87A18E315CF6}.AppStore|iPhoneSimulator.ActiveCfg = Release|Any CPU
		{03AA4217-DBB2-40EE-AED3-87A18E315CF6}.AppStore|iPhoneSimulator.Build.0 = Release|Any CPU
		{03AA4217-DBB2-40EE-AED3-87A18E315CF6}.AppStore|iPhoneSimulator.Deploy.0 = Release|Any CPU
		{03AA4217-DBB2-40EE-AED3-87A18E315CF6}.AppStore|x64.ActiveCfg = Release|Any CPU
		{03AA4217-DBB2-40EE-AED3-87A18E315CF6}.AppStore|x64.Build.0 = Release|Any CPU
		{03AA4217-DBB2-40EE-AED3-87A18E315CF6}.AppStore|x64.Deploy.0 = Release|Any CPU
		{03AA4217-DBB2-40EE-AED3-87A18E315CF6}.AppStore|x86.ActiveCfg = Release|Any CPU
		{03AA4217-DBB2-40EE-AED3-87A18E315CF6}.AppStore|x86.Build.0 = Release|Any CPU
		{03AA4217-DBB2-40EE-AED3-87A18E315CF6}.AppStore|x86.Deploy.0 = Release|Any CPU
		{03AA4217-DBB2-40EE-AED3-87A18E315CF6}.Debug|Any CPU.ActiveCfg = Debug|Any CPU
		{03AA4217-DBB2-40EE-AED3-87A18E315CF6}.Debug|Any CPU.Build.0 = Debug|Any CPU
		{03AA4217-DBB2-40EE-AED3-87A18E315CF6}.Debug|Any CPU.Deploy.0 = Debug|Any CPU
		{03AA4217-DBB2-40EE-AED3-87A18E315CF6}.Debug|ARM.ActiveCfg = Debug|Any CPU
		{03AA4217-DBB2-40EE-AED3-87A18E315CF6}.Debug|ARM.Build.0 = Debug|Any CPU
		{03AA4217-DBB2-40EE-AED3-87A18E315CF6}.Debug|ARM.Deploy.0 = Debug|Any CPU
		{03AA4217-DBB2-40EE-AED3-87A18E315CF6}.Debug|iPhone.ActiveCfg = Debug|Any CPU
		{03AA4217-DBB2-40EE-AED3-87A18E315CF6}.Debug|iPhone.Build.0 = Debug|Any CPU
		{03AA4217-DBB2-40EE-AED3-87A18E315CF6}.Debug|iPhone.Deploy.0 = Debug|Any CPU
		{03AA4217-DBB2-40EE-AED3-87A18E315CF6}.Debug|iPhoneSimulator.ActiveCfg = Debug|Any CPU
		{03AA4217-DBB2-40EE-AED3-87A18E315CF6}.Debug|iPhoneSimulator.Build.0 = Debug|Any CPU
		{03AA4217-DBB2-40EE-AED3-87A18E315CF6}.Debug|iPhoneSimulator.Deploy.0 = Debug|Any CPU
		{03AA4217-DBB2-40EE-AED3-87A18E315CF6}.Debug|x64.ActiveCfg = Debug|Any CPU
		{03AA4217-DBB2-40EE-AED3-87A18E315CF6}.Debug|x64.Build.0 = Debug|Any CPU
		{03AA4217-DBB2-40EE-AED3-87A18E315CF6}.Debug|x64.Deploy.0 = Debug|Any CPU
		{03AA4217-DBB2-40EE-AED3-87A18E315CF6}.Debug|x86.ActiveCfg = Debug|Any CPU
		{03AA4217-DBB2-40EE-AED3-87A18E315CF6}.Debug|x86.Build.0 = Debug|Any CPU
		{03AA4217-DBB2-40EE-AED3-87A18E315CF6}.Debug|x86.Deploy.0 = Debug|Any CPU
		{03AA4217-DBB2-40EE-AED3-87A18E315CF6}.Release|Any CPU.ActiveCfg = Release|Any CPU
		{03AA4217-DBB2-40EE-AED3-87A18E315CF6}.Release|Any CPU.Build.0 = Release|Any CPU
		{03AA4217-DBB2-40EE-AED3-87A18E315CF6}.Release|Any CPU.Deploy.0 = Release|Any CPU
		{03AA4217-DBB2-40EE-AED3-87A18E315CF6}.Release|ARM.ActiveCfg = Release|Any CPU
		{03AA4217-DBB2-40EE-AED3-87A18E315CF6}.Release|ARM.Build.0 = Release|Any CPU
		{03AA4217-DBB2-40EE-AED3-87A18E315CF6}.Release|ARM.Deploy.0 = Release|Any CPU
		{03AA4217-DBB2-40EE-AED3-87A18E315CF6}.Release|iPhone.ActiveCfg = Release|Any CPU
		{03AA4217-DBB2-40EE-AED3-87A18E315CF6}.Release|iPhone.Build.0 = Release|Any CPU
		{03AA4217-DBB2-40EE-AED3-87A18E315CF6}.Release|iPhone.Deploy.0 = Release|Any CPU
		{03AA4217-DBB2-40EE-AED3-87A18E315CF6}.Release|iPhoneSimulator.ActiveCfg = Release|Any CPU
		{03AA4217-DBB2-40EE-AED3-87A18E315CF6}.Release|iPhoneSimulator.Build.0 = Release|Any CPU
		{03AA4217-DBB2-40EE-AED3-87A18E315CF6}.Release|iPhoneSimulator.Deploy.0 = Release|Any CPU
		{03AA4217-DBB2-40EE-AED3-87A18E315CF6}.Release|x64.ActiveCfg = Release|Any CPU
		{03AA4217-DBB2-40EE-AED3-87A18E315CF6}.Release|x64.Build.0 = Release|Any CPU
		{03AA4217-DBB2-40EE-AED3-87A18E315CF6}.Release|x64.Deploy.0 = Release|Any CPU
		{03AA4217-DBB2-40EE-AED3-87A18E315CF6}.Release|x86.ActiveCfg = Release|Any CPU
		{03AA4217-DBB2-40EE-AED3-87A18E315CF6}.Release|x86.Build.0 = Release|Any CPU
		{03AA4217-DBB2-40EE-AED3-87A18E315CF6}.Release|x86.Deploy.0 = Release|Any CPU
		{82EF073D-8262-4F23-96B6-9793F927EE59}.Ad-Hoc|Any CPU.ActiveCfg = Release|Any CPU
		{82EF073D-8262-4F23-96B6-9793F927EE59}.Ad-Hoc|Any CPU.Build.0 = Release|Any CPU
		{82EF073D-8262-4F23-96B6-9793F927EE59}.Ad-Hoc|ARM.ActiveCfg = Release|Any CPU
		{82EF073D-8262-4F23-96B6-9793F927EE59}.Ad-Hoc|ARM.Build.0 = Release|Any CPU
		{82EF073D-8262-4F23-96B6-9793F927EE59}.Ad-Hoc|iPhone.ActiveCfg = Release|Any CPU
		{82EF073D-8262-4F23-96B6-9793F927EE59}.Ad-Hoc|iPhone.Build.0 = Release|Any CPU
		{82EF073D-8262-4F23-96B6-9793F927EE59}.Ad-Hoc|iPhoneSimulator.ActiveCfg = Release|Any CPU
		{82EF073D-8262-4F23-96B6-9793F927EE59}.Ad-Hoc|iPhoneSimulator.Build.0 = Release|Any CPU
		{82EF073D-8262-4F23-96B6-9793F927EE59}.Ad-Hoc|x64.ActiveCfg = Release|Any CPU
		{82EF073D-8262-4F23-96B6-9793F927EE59}.Ad-Hoc|x64.Build.0 = Release|Any CPU
		{82EF073D-8262-4F23-96B6-9793F927EE59}.Ad-Hoc|x86.ActiveCfg = Release|Any CPU
		{82EF073D-8262-4F23-96B6-9793F927EE59}.Ad-Hoc|x86.Build.0 = Release|Any CPU
		{82EF073D-8262-4F23-96B6-9793F927EE59}.AppStore|Any CPU.ActiveCfg = Release|Any CPU
		{82EF073D-8262-4F23-96B6-9793F927EE59}.AppStore|Any CPU.Build.0 = Release|Any CPU
		{82EF073D-8262-4F23-96B6-9793F927EE59}.AppStore|ARM.ActiveCfg = Release|Any CPU
		{82EF073D-8262-4F23-96B6-9793F927EE59}.AppStore|ARM.Build.0 = Release|Any CPU
		{82EF073D-8262-4F23-96B6-9793F927EE59}.AppStore|iPhone.ActiveCfg = Release|Any CPU
		{82EF073D-8262-4F23-96B6-9793F927EE59}.AppStore|iPhone.Build.0 = Release|Any CPU
		{82EF073D-8262-4F23-96B6-9793F927EE59}.AppStore|iPhoneSimulator.ActiveCfg = Release|Any CPU
		{82EF073D-8262-4F23-96B6-9793F927EE59}.AppStore|iPhoneSimulator.Build.0 = Release|Any CPU
		{82EF073D-8262-4F23-96B6-9793F927EE59}.AppStore|x64.ActiveCfg = Release|Any CPU
		{82EF073D-8262-4F23-96B6-9793F927EE59}.AppStore|x64.Build.0 = Release|Any CPU
		{82EF073D-8262-4F23-96B6-9793F927EE59}.AppStore|x86.ActiveCfg = Release|Any CPU
		{82EF073D-8262-4F23-96B6-9793F927EE59}.AppStore|x86.Build.0 = Release|Any CPU
		{82EF073D-8262-4F23-96B6-9793F927EE59}.Debug|Any CPU.ActiveCfg = Debug|Any CPU
		{82EF073D-8262-4F23-96B6-9793F927EE59}.Debug|Any CPU.Build.0 = Debug|Any CPU
		{82EF073D-8262-4F23-96B6-9793F927EE59}.Debug|ARM.ActiveCfg = Debug|Any CPU
		{82EF073D-8262-4F23-96B6-9793F927EE59}.Debug|ARM.Build.0 = Debug|Any CPU
		{82EF073D-8262-4F23-96B6-9793F927EE59}.Debug|iPhone.ActiveCfg = Debug|Any CPU
		{82EF073D-8262-4F23-96B6-9793F927EE59}.Debug|iPhone.Build.0 = Debug|Any CPU
		{82EF073D-8262-4F23-96B6-9793F927EE59}.Debug|iPhoneSimulator.ActiveCfg = Debug|Any CPU
		{82EF073D-8262-4F23-96B6-9793F927EE59}.Debug|iPhoneSimulator.Build.0 = Debug|Any CPU
		{82EF073D-8262-4F23-96B6-9793F927EE59}.Debug|x64.ActiveCfg = Debug|Any CPU
		{82EF073D-8262-4F23-96B6-9793F927EE59}.Debug|x64.Build.0 = Debug|Any CPU
		{82EF073D-8262-4F23-96B6-9793F927EE59}.Debug|x86.ActiveCfg = Debug|Any CPU
		{82EF073D-8262-4F23-96B6-9793F927EE59}.Debug|x86.Build.0 = Debug|Any CPU
		{82EF073D-8262-4F23-96B6-9793F927EE59}.Release|Any CPU.ActiveCfg = Release|Any CPU
		{82EF073D-8262-4F23-96B6-9793F927EE59}.Release|Any CPU.Build.0 = Release|Any CPU
		{82EF073D-8262-4F23-96B6-9793F927EE59}.Release|ARM.ActiveCfg = Release|Any CPU
		{82EF073D-8262-4F23-96B6-9793F927EE59}.Release|ARM.Build.0 = Release|Any CPU
		{82EF073D-8262-4F23-96B6-9793F927EE59}.Release|iPhone.ActiveCfg = Release|Any CPU
		{82EF073D-8262-4F23-96B6-9793F927EE59}.Release|iPhone.Build.0 = Release|Any CPU
		{82EF073D-8262-4F23-96B6-9793F927EE59}.Release|iPhoneSimulator.ActiveCfg = Release|Any CPU
		{82EF073D-8262-4F23-96B6-9793F927EE59}.Release|iPhoneSimulator.Build.0 = Release|Any CPU
		{82EF073D-8262-4F23-96B6-9793F927EE59}.Release|x64.ActiveCfg = Release|Any CPU
		{82EF073D-8262-4F23-96B6-9793F927EE59}.Release|x64.Build.0 = Release|Any CPU
		{82EF073D-8262-4F23-96B6-9793F927EE59}.Release|x86.ActiveCfg = Release|Any CPU
		{82EF073D-8262-4F23-96B6-9793F927EE59}.Release|x86.Build.0 = Release|Any CPU
		{24A14C04-E12A-477B-A10D-1FD5873131D3}.Ad-Hoc|Any CPU.ActiveCfg = Release|x86
		{24A14C04-E12A-477B-A10D-1FD5873131D3}.Ad-Hoc|Any CPU.Build.0 = Release|x86
		{24A14C04-E12A-477B-A10D-1FD5873131D3}.Ad-Hoc|Any CPU.Deploy.0 = Release|x86
		{24A14C04-E12A-477B-A10D-1FD5873131D3}.Ad-Hoc|ARM.ActiveCfg = Release|ARM
		{24A14C04-E12A-477B-A10D-1FD5873131D3}.Ad-Hoc|ARM.Build.0 = Release|ARM
		{24A14C04-E12A-477B-A10D-1FD5873131D3}.Ad-Hoc|ARM.Deploy.0 = Release|ARM
		{24A14C04-E12A-477B-A10D-1FD5873131D3}.Ad-Hoc|iPhone.ActiveCfg = Release|x86
		{24A14C04-E12A-477B-A10D-1FD5873131D3}.Ad-Hoc|iPhone.Build.0 = Release|x86
		{24A14C04-E12A-477B-A10D-1FD5873131D3}.Ad-Hoc|iPhone.Deploy.0 = Release|x86
		{24A14C04-E12A-477B-A10D-1FD5873131D3}.Ad-Hoc|iPhoneSimulator.ActiveCfg = Release|x86
		{24A14C04-E12A-477B-A10D-1FD5873131D3}.Ad-Hoc|iPhoneSimulator.Build.0 = Release|x86
		{24A14C04-E12A-477B-A10D-1FD5873131D3}.Ad-Hoc|iPhoneSimulator.Deploy.0 = Release|x86
		{24A14C04-E12A-477B-A10D-1FD5873131D3}.Ad-Hoc|x64.ActiveCfg = Release|x64
		{24A14C04-E12A-477B-A10D-1FD5873131D3}.Ad-Hoc|x64.Build.0 = Release|x64
		{24A14C04-E12A-477B-A10D-1FD5873131D3}.Ad-Hoc|x64.Deploy.0 = Release|x64
		{24A14C04-E12A-477B-A10D-1FD5873131D3}.Ad-Hoc|x86.ActiveCfg = Release|x86
		{24A14C04-E12A-477B-A10D-1FD5873131D3}.Ad-Hoc|x86.Build.0 = Release|x86
		{24A14C04-E12A-477B-A10D-1FD5873131D3}.Ad-Hoc|x86.Deploy.0 = Release|x86
		{24A14C04-E12A-477B-A10D-1FD5873131D3}.AppStore|Any CPU.ActiveCfg = Release|x86
		{24A14C04-E12A-477B-A10D-1FD5873131D3}.AppStore|Any CPU.Build.0 = Release|x86
		{24A14C04-E12A-477B-A10D-1FD5873131D3}.AppStore|Any CPU.Deploy.0 = Release|x86
		{24A14C04-E12A-477B-A10D-1FD5873131D3}.AppStore|ARM.ActiveCfg = Release|ARM
		{24A14C04-E12A-477B-A10D-1FD5873131D3}.AppStore|ARM.Build.0 = Release|ARM
		{24A14C04-E12A-477B-A10D-1FD5873131D3}.AppStore|ARM.Deploy.0 = Release|ARM
		{24A14C04-E12A-477B-A10D-1FD5873131D3}.AppStore|iPhone.ActiveCfg = Release|x86
		{24A14C04-E12A-477B-A10D-1FD5873131D3}.AppStore|iPhone.Build.0 = Release|x86
		{24A14C04-E12A-477B-A10D-1FD5873131D3}.AppStore|iPhone.Deploy.0 = Release|x86
		{24A14C04-E12A-477B-A10D-1FD5873131D3}.AppStore|iPhoneSimulator.ActiveCfg = Release|x86
		{24A14C04-E12A-477B-A10D-1FD5873131D3}.AppStore|iPhoneSimulator.Build.0 = Release|x86
		{24A14C04-E12A-477B-A10D-1FD5873131D3}.AppStore|iPhoneSimulator.Deploy.0 = Release|x86
		{24A14C04-E12A-477B-A10D-1FD5873131D3}.AppStore|x64.ActiveCfg = Release|x64
		{24A14C04-E12A-477B-A10D-1FD5873131D3}.AppStore|x64.Build.0 = Release|x64
		{24A14C04-E12A-477B-A10D-1FD5873131D3}.AppStore|x64.Deploy.0 = Release|x64
		{24A14C04-E12A-477B-A10D-1FD5873131D3}.AppStore|x86.ActiveCfg = Release|x86
		{24A14C04-E12A-477B-A10D-1FD5873131D3}.AppStore|x86.Build.0 = Release|x86
		{24A14C04-E12A-477B-A10D-1FD5873131D3}.AppStore|x86.Deploy.0 = Release|x86
		{24A14C04-E12A-477B-A10D-1FD5873131D3}.Debug|Any CPU.ActiveCfg = Debug|x86
		{24A14C04-E12A-477B-A10D-1FD5873131D3}.Debug|ARM.ActiveCfg = Debug|ARM
		{24A14C04-E12A-477B-A10D-1FD5873131D3}.Debug|ARM.Build.0 = Debug|ARM
		{24A14C04-E12A-477B-A10D-1FD5873131D3}.Debug|ARM.Deploy.0 = Debug|ARM
		{24A14C04-E12A-477B-A10D-1FD5873131D3}.Debug|iPhone.ActiveCfg = Debug|x86
		{24A14C04-E12A-477B-A10D-1FD5873131D3}.Debug|iPhoneSimulator.ActiveCfg = Debug|x86
		{24A14C04-E12A-477B-A10D-1FD5873131D3}.Debug|x64.ActiveCfg = Debug|x64
		{24A14C04-E12A-477B-A10D-1FD5873131D3}.Debug|x64.Build.0 = Debug|x64
		{24A14C04-E12A-477B-A10D-1FD5873131D3}.Debug|x64.Deploy.0 = Debug|x64
		{24A14C04-E12A-477B-A10D-1FD5873131D3}.Debug|x86.ActiveCfg = Debug|x86
		{24A14C04-E12A-477B-A10D-1FD5873131D3}.Debug|x86.Build.0 = Debug|x86
		{24A14C04-E12A-477B-A10D-1FD5873131D3}.Debug|x86.Deploy.0 = Debug|x86
		{24A14C04-E12A-477B-A10D-1FD5873131D3}.Release|Any CPU.ActiveCfg = Release|x86
		{24A14C04-E12A-477B-A10D-1FD5873131D3}.Release|ARM.ActiveCfg = Release|ARM
		{24A14C04-E12A-477B-A10D-1FD5873131D3}.Release|ARM.Build.0 = Release|ARM
		{24A14C04-E12A-477B-A10D-1FD5873131D3}.Release|ARM.Deploy.0 = Release|ARM
		{24A14C04-E12A-477B-A10D-1FD5873131D3}.Release|iPhone.ActiveCfg = Release|x86
		{24A14C04-E12A-477B-A10D-1FD5873131D3}.Release|iPhoneSimulator.ActiveCfg = Release|x86
		{24A14C04-E12A-477B-A10D-1FD5873131D3}.Release|x64.ActiveCfg = Release|x64
		{24A14C04-E12A-477B-A10D-1FD5873131D3}.Release|x64.Build.0 = Release|x64
		{24A14C04-E12A-477B-A10D-1FD5873131D3}.Release|x64.Deploy.0 = Release|x64
		{24A14C04-E12A-477B-A10D-1FD5873131D3}.Release|x86.ActiveCfg = Release|x86
		{24A14C04-E12A-477B-A10D-1FD5873131D3}.Release|x86.Build.0 = Release|x86
		{24A14C04-E12A-477B-A10D-1FD5873131D3}.Release|x86.Deploy.0 = Release|x86
		{CE8C9EB7-C003-459C-9C5A-EB74FCD475AF}.Ad-Hoc|Any CPU.ActiveCfg = Ad-Hoc|iPhone
		{CE8C9EB7-C003-459C-9C5A-EB74FCD475AF}.Ad-Hoc|ARM.ActiveCfg = Ad-Hoc|iPhone
		{CE8C9EB7-C003-459C-9C5A-EB74FCD475AF}.Ad-Hoc|iPhone.ActiveCfg = Ad-Hoc|iPhone
		{CE8C9EB7-C003-459C-9C5A-EB74FCD475AF}.Ad-Hoc|iPhone.Build.0 = Ad-Hoc|iPhone
		{CE8C9EB7-C003-459C-9C5A-EB74FCD475AF}.Ad-Hoc|iPhoneSimulator.ActiveCfg = Ad-Hoc|iPhoneSimulator
		{CE8C9EB7-C003-459C-9C5A-EB74FCD475AF}.Ad-Hoc|iPhoneSimulator.Build.0 = Ad-Hoc|iPhoneSimulator
		{CE8C9EB7-C003-459C-9C5A-EB74FCD475AF}.Ad-Hoc|x64.ActiveCfg = Ad-Hoc|iPhone
		{CE8C9EB7-C003-459C-9C5A-EB74FCD475AF}.Ad-Hoc|x86.ActiveCfg = Ad-Hoc|iPhone
		{CE8C9EB7-C003-459C-9C5A-EB74FCD475AF}.AppStore|Any CPU.ActiveCfg = AppStore|iPhone
		{CE8C9EB7-C003-459C-9C5A-EB74FCD475AF}.AppStore|ARM.ActiveCfg = AppStore|iPhone
		{CE8C9EB7-C003-459C-9C5A-EB74FCD475AF}.AppStore|iPhone.ActiveCfg = AppStore|iPhone
		{CE8C9EB7-C003-459C-9C5A-EB74FCD475AF}.AppStore|iPhone.Build.0 = AppStore|iPhone
		{CE8C9EB7-C003-459C-9C5A-EB74FCD475AF}.AppStore|iPhoneSimulator.ActiveCfg = AppStore|iPhoneSimulator
		{CE8C9EB7-C003-459C-9C5A-EB74FCD475AF}.AppStore|iPhoneSimulator.Build.0 = AppStore|iPhoneSimulator
		{CE8C9EB7-C003-459C-9C5A-EB74FCD475AF}.AppStore|x64.ActiveCfg = AppStore|iPhone
		{CE8C9EB7-C003-459C-9C5A-EB74FCD475AF}.AppStore|x86.ActiveCfg = AppStore|iPhone
		{CE8C9EB7-C003-459C-9C5A-EB74FCD475AF}.Debug|Any CPU.ActiveCfg = Debug|iPhone
		{CE8C9EB7-C003-459C-9C5A-EB74FCD475AF}.Debug|ARM.ActiveCfg = Debug|iPhone
		{CE8C9EB7-C003-459C-9C5A-EB74FCD475AF}.Debug|iPhone.ActiveCfg = Debug|iPhone
		{CE8C9EB7-C003-459C-9C5A-EB74FCD475AF}.Debug|iPhone.Build.0 = Debug|iPhone
		{CE8C9EB7-C003-459C-9C5A-EB74FCD475AF}.Debug|iPhoneSimulator.ActiveCfg = Debug|iPhoneSimulator
		{CE8C9EB7-C003-459C-9C5A-EB74FCD475AF}.Debug|iPhoneSimulator.Build.0 = Debug|iPhoneSimulator
		{CE8C9EB7-C003-459C-9C5A-EB74FCD475AF}.Debug|x64.ActiveCfg = Debug|iPhone
		{CE8C9EB7-C003-459C-9C5A-EB74FCD475AF}.Debug|x86.ActiveCfg = Debug|iPhone
		{CE8C9EB7-C003-459C-9C5A-EB74FCD475AF}.Release|Any CPU.ActiveCfg = Release|iPhone
		{CE8C9EB7-C003-459C-9C5A-EB74FCD475AF}.Release|ARM.ActiveCfg = Release|iPhone
		{CE8C9EB7-C003-459C-9C5A-EB74FCD475AF}.Release|iPhone.ActiveCfg = Release|iPhone
		{CE8C9EB7-C003-459C-9C5A-EB74FCD475AF}.Release|iPhone.Build.0 = Release|iPhone
		{CE8C9EB7-C003-459C-9C5A-EB74FCD475AF}.Release|iPhoneSimulator.ActiveCfg = Release|iPhoneSimulator
		{CE8C9EB7-C003-459C-9C5A-EB74FCD475AF}.Release|iPhoneSimulator.Build.0 = Release|iPhoneSimulator
		{CE8C9EB7-C003-459C-9C5A-EB74FCD475AF}.Release|x64.ActiveCfg = Release|iPhone
		{CE8C9EB7-C003-459C-9C5A-EB74FCD475AF}.Release|x86.ActiveCfg = Release|iPhone
	EndGlobalSection
	GlobalSection(SolutionProperties) = preSolution
		HideSolutionNode = FALSE
	EndGlobalSection
EndGlobal
